
Microsoft Visual Studio Solution File, Format Version 12.00
# Visual Studio Version 17
VisualStudioVersion = 17.5.33516.290
MinimumVisualStudioVersion = 10.0.40219.1
Project("{FAE04EC0-301F-11D3-BF4B-00C04F79EFBC}") = "Biltavlingen", "Biltavlingen\Biltavlingen.csproj", "{71E897C9-56D5-49EE-AEAA-E682A3735863}"
EndProject
Global
	GlobalSection(SolutionConfigurationPlatforms) = preSolution
		Debug|Any CPU = Debug|Any CPU
		Release|Any CPU = Release|Any CPU
	EndGlobalSection
	GlobalSection(ProjectConfigurationPlatforms) = postSolution
		{71E897C9-56D5-49EE-AEAA-E682A3735863}.Debug|Any CPU.ActiveCfg = Debug|Any CPU
		{71E897C9-56D5-49EE-AEAA-E682A3735863}.Debug|Any CPU.Build.0 = Debug|Any CPU
		{71E897C9-56D5-49EE-AEAA-E682A3735863}.Release|Any CPU.ActiveCfg = Release|Any CPU
		{71E897C9-56D5-49EE-AEAA-E682A3735863}.Release|Any CPU.Build.0 = Release|Any CPU
	EndGlobalSection
	GlobalSection(SolutionProperties) = preSolution
		HideSolutionNode = FALSE
	EndGlobalSection
	GlobalSection(ExtensibilityGlobals) = postSolution
		SolutionGuid = {4687E106-D7F3-4C50-99EA-8CA0A1154590}
	EndGlobalSection
EndGlobal
